
Microsoft Visual Studio Solution File, Format Version 12.00
# Visual Studio 14
VisualStudioVersion = 14.0.23107.0
MinimumVisualStudioVersion = 10.0.40219.1
Project("{FAE04EC0-301F-11D3-BF4B-00C04F79EFBC}") = "ReshServer", "ReshServer\ReshServer.csproj", "{134C5A86-3F7B-4F09-BAA3-1A3823312DFA}"
EndProject
Project("{2150E333-8FDC-42A3-9474-1A3956D46DE8}") = "PublishScripts", "PublishScripts", "{1DEE8643-8CD5-4890-BA2F-8A0002C0BD84}"
	ProjectSection(SolutionItems) = preProject
		PublishScripts\AzureVMPublishModule.psm1 = PublishScripts\AzureVMPublishModule.psm1
		PublishScripts\Publish-WebApplicationVM.ps1 = PublishScripts\Publish-WebApplicationVM.ps1
	EndProjectSection
EndProject
Project("{2150E333-8FDC-42A3-9474-1A3956D46DE8}") = "Configurations", "Configurations", "{9D89F43E-F852-4FD5-A718-1CD930E1824F}"
	ProjectSection(SolutionItems) = preProject
		PublishScripts\Configurations\ReshServer-WAWS-dev.json = PublishScripts\Configurations\ReshServer-WAWS-dev.json
	EndProjectSection
EndProject
Global
	GlobalSection(SolutionConfigurationPlatforms) = preSolution
		Debug|Any CPU = Debug|Any CPU
		Release|Any CPU = Release|Any CPU
	EndGlobalSection
	GlobalSection(ProjectConfigurationPlatforms) = postSolution
		{134C5A86-3F7B-4F09-BAA3-1A3823312DFA}.Debug|Any CPU.ActiveCfg = Debug|Any CPU
		{134C5A86-3F7B-4F09-BAA3-1A3823312DFA}.Debug|Any CPU.Build.0 = Debug|Any CPU
		{134C5A86-3F7B-4F09-BAA3-1A3823312DFA}.Release|Any CPU.ActiveCfg = Release|Any CPU
		{134C5A86-3F7B-4F09-BAA3-1A3823312DFA}.Release|Any CPU.Build.0 = Release|Any CPU
	EndGlobalSection
	GlobalSection(SolutionProperties) = preSolution
		HideSolutionNode = FALSE
	EndGlobalSection
	GlobalSection(NestedProjects) = preSolution
		{9D89F43E-F852-4FD5-A718-1CD930E1824F} = {1DEE8643-8CD5-4890-BA2F-8A0002C0BD84}
	EndGlobalSection
EndGlobal
